
Microsoft Visual Studio Solution File, Format Version 12.00
# Visual Studio Version 17
VisualStudioVersion = 17.14.37012.4
MinimumVisualStudioVersion = 10.0.40219.1
Project("{FAE04EC0-301F-11D3-BF4B-00C04F79EFBC}") = "PT.Domain", "PT.Domain\PT.Domain.csproj", "{98FAD5E9-3015-4032-B588-1308B3C2BF7E}"
EndProject
Project("{FAE04EC0-301F-11D3-BF4B-00C04F79EFBC}") = "PT.Infrastructure", "PT.Infrastructure\PT.Infrastructure.csproj", "{4F7E52D1-A406-4674-AFD7-16E46DC9678A}"
EndProject
Project("{FAE04EC0-301F-11D3-BF4B-00C04F79EFBC}") = "PT.Api", "PT.Api\PT.Api.csproj", "{5BA1D994-728D-4226-9970-2B78DD4DA522}"
EndProject
Project("{FAE04EC0-301F-11D3-BF4B-00C04F79EFBC}") = "PT.Application", "PT.Application\PT.Application.csproj", "{ECD9F85F-6E8E-4948-B04F-6A804EFA173B}"
	ProjectSection(ProjectDependencies) = postProject
		{98FAD5E9-3015-4032-B588-1308B3C2BF7E} = {98FAD5E9-3015-4032-B588-1308B3C2BF7E}
	EndProjectSection
EndProject
Global
	GlobalSection(SolutionConfigurationPlatforms) = preSolution
		Debug|Any CPU = Debug|Any CPU
		Release|Any CPU = Release|Any CPU
	EndGlobalSection
	GlobalSection(ProjectConfigurationPlatforms) = postSolution
		{98FAD5E9-3015-4032-B588-1308B3C2BF7E}.Debug|Any CPU.ActiveCfg = Debug|Any CPU
		{98FAD5E9-3015-4032-B588-1308B3C2BF7E}.Debug|Any CPU.Build.0 = Debug|Any CPU
		{98FAD5E9-3015-4032-B588-1308B3C2BF7E}.Release|Any CPU.ActiveCfg = Release|Any CPU
		{98FAD5E9-3015-4032-B588-1308B3C2BF7E}.Release|Any CPU.Build.0 = Release|Any CPU
		{4F7E52D1-A406-4674-AFD7-16E46DC9678A}.Debug|Any CPU.ActiveCfg = Debug|Any CPU
		{4F7E52D1-A406-4674-AFD7-16E46DC9678A}.Debug|Any CPU.Build.0 = Debug|Any CPU
		{4F7E52D1-A406-4674-AFD7-16E46DC9678A}.Release|Any CPU.ActiveCfg = Release|Any CPU
		{4F7E52D1-A406-4674-AFD7-16E46DC9678A}.Release|Any CPU.Build.0 = Release|Any CPU
		{5BA1D994-728D-4226-9970-2B78DD4DA522}.Debug|Any CPU.ActiveCfg = Debug|Any CPU
		{5BA1D994-728D-4226-9970-2B78DD4DA522}.Debug|Any CPU.Build.0 = Debug|Any CPU
		{5BA1D994-728D-4226-9970-2B78DD4DA522}.Release|Any CPU.ActiveCfg = Release|Any CPU
		{5BA1D994-728D-4226-9970-2B78DD4DA522}.Release|Any CPU.Build.0 = Release|Any CPU
		{ECD9F85F-6E8E-4948-B04F-6A804EFA173B}.Debug|Any CPU.ActiveCfg = Debug|Any CPU
		{ECD9F85F-6E8E-4948-B04F-6A804EFA173B}.Debug|Any CPU.Build.0 = Debug|Any CPU
		{ECD9F85F-6E8E-4948-B04F-6A804EFA173B}.Release|Any CPU.ActiveCfg = Release|Any CPU
		{ECD9F85F-6E8E-4948-B04F-6A804EFA173B}.Release|Any CPU.Build.0 = Release|Any CPU
	EndGlobalSection
	GlobalSection(SolutionProperties) = preSolution
		HideSolutionNode = FALSE
	EndGlobalSection
	GlobalSection(ExtensibilityGlobals) = postSolution
		SolutionGuid = {EB0B1EA1-18D8-40D8-AC6F-E53FF138D2F1}
	EndGlobalSection
EndGlobal
